
Microsoft Visual Studio Solution File, Format Version 12.00
# Visual Studio 15
VisualStudioVersion = 15.0.28307.572
MinimumVisualStudioVersion = 10.0.40219.1
Project("{FAE04EC0-301F-11D3-BF4B-00C04F79EFBC}") = "HW1", "HW1\HW1.csproj", "{FE5C48C7-234C-4055-A81D-6D428D3CE2FF}"
EndProject
Global
	GlobalSection(SolutionConfigurationPlatforms) = preSolution
		Debug|Any CPU = Debug|Any CPU
		Release|Any CPU = Release|Any CPU
	EndGlobalSection
	GlobalSection(ProjectConfigurationPlatforms) = postSolution
		{FE5C48C7-234C-4055-A81D-6D428D3CE2FF}.Debug|Any CPU.ActiveCfg = Debug|Any CPU
		{FE5C48C7-234C-4055-A81D-6D428D3CE2FF}.Debug|Any CPU.Build.0 = Debug|Any CPU
		{FE5C48C7-234C-4055-A81D-6D428D3CE2FF}.Release|Any CPU.ActiveCfg = Release|Any CPU
		{FE5C48C7-234C-4055-A81D-6D428D3CE2FF}.Release|Any CPU.Build.0 = Release|Any CPU
	EndGlobalSection
	GlobalSection(SolutionProperties) = preSolution
		HideSolutionNode = FALSE
	EndGlobalSection
	GlobalSection(ExtensibilityGlobals) = postSolution
		SolutionGuid = {B2A57E99-73BC-4C87-B38C-BFF89B268EF6}
	EndGlobalSection
EndGlobal
